version = 1
revision = 3
requires-python = ">=3.14"

[[package]]
name = "bazarify-ansible"
version = "0.1.0"
source = { virtual = "." }
dependencies = [
    { name = "pyside6" },
    { name = "pyyaml" },
    { name = "rich" },
]

[package.dev-dependencies]
dev = [
    { name = "ruff" },
    { name = "ty" },
]

[package.metadata]
requires-dist = [
    { name = "pyside6", specifier = ">=6.9.0" },
    { name = "pyyaml", specifier = ">=6.0.3" },
    { name = "rich", specifier = ">=14.3.2" },
]

[package.metadata.requires-dev]
dev = [
    { name = "ruff", specifier = ">=0.15.1" },
    { name = "ty", specifier = ">=0.0.29" },
]

[[package]]
name = "markdown-it-py"
version = "4.0.0"
source = { registry = "https://pypi.org/simple" }
dependencies = [
    { name = "mdurl" },
]
sdist = { url = "https://files.pythonhosted.org/packages/5b/f5/4ec618ed16cc4f8fb3b701563655a69816155e79e24a17b651541804721d/markdown_it_py-4.0.0.tar.gz", hash = "sha256:cb0a2b4aa34f932c007117b194e945bd74e0ec24133ceb5bac59009cda1cb9f3", size = 73070, upload-time = "2025-08-11T12:57:52.854Z" }
wheels = [
    { url = "https://files.pythonhosted.org/packages/94/54/e7d793b573f298e1c9013b8c4dade17d481164aa517d1d7148619c2cedbf/markdown_it_py-4.0.0-py3-none-any.whl", hash = "sha256:87327c59b172c5011896038353a81343b6754500a08cd7a4973bb48c6d578147", size = 87321, upload-time = "2025-08-11T12:57:51.923Z" },
]

[[package]]
name = "mdurl"
version = "0.1.2"
source = { registry = "https://pypi.org/simple" }
sdist = { url = "https://files.pythonhosted.org/packages/d6/54/cfe61301667036ec958cb99bd3efefba235e65cdeb9c84d24a8293ba1d90/mdurl-0.1.2.tar.gz", hash = "sha256:bb413d29f5eea38f31dd4754dd7377d4465116fb207585f97bf925588687c1ba", size = 8729, upload-time = "2022-08-14T12:40:10.846Z" }
wheels = [
    { url = "https://files.pythonhosted.org/packages/b3/38/89ba8ad64ae25be8de66a6d463314cf1eb366222074cfda9ee839c56a4b4/mdurl-0.1.2-py3-none-any.whl", hash = "sha256:84008a41e51615a49fc9966191ff91509e3c40b939176e643fd50a5c2196b8f8", size = 9979, upload-time = "2022-08-14T12:40:09.779Z" },
]

[[package]]
name = "pygments"
version = "2.19.2"
source = { registry = "https://pypi.org/simple" }
sdist = { url = "https://files.pythonhosted.org/packages/b0/77/a5b8c569bf593b0140bde72ea885a803b82086995367bf2037de0159d924/pygments-2.19.2.tar.gz", hash = "sha256:636cb2477cec7f8952536970bc533bc43743542f70392ae026374600add5b887", size = 4968631, upload-time = "2025-06-21T13:39:12.283Z" }
wheels = [
    { url = "https://files.pythonhosted.org/packages/c7/21/705964c7812476f378728bdf590ca4b771ec72385c533964653c68e86bdc/pygments-2.19.2-py3-none-any.whl", hash = "sha256:86540386c03d588bb81d44bc3928634ff26449851e99741617ecb9037ee5ec0b", size = 1225217, upload-time = "2025-06-21T13:39:07.939Z" },
]

[[package]]
name = "pyside6"
version = "6.11.0"
source = { registry = "https://pypi.org/simple" }
dependencies = [
    { name = "pyside6-addons" },
    { name = "pyside6-essentials" },
    { name = "shiboken6" },
]
wheels = [
    { url = "https://files.pythonhosted.org/packages/f4/95/f3f5a2799163b6658126d78a85bc1dec9eda88c75c26780556b26071a1d8/pyside6-6.11.0-cp310-abi3-macosx_13_0_universal2.whl", hash = "sha256:1f2735dc4f2bd4ec452ae50502c8a22128bba0aced35358a2bbc58384b820c6f", size = 571544, upload-time = "2026-03-23T12:47:20.263Z" },
    { url = "https://files.pythonhosted.org/packages/da/89/9a1f521051714e6694ebbe2b979ded279845ec8e25cb309ca3960158d74f/pyside6-6.11.0-cp310-abi3-manylinux_2_34_x86_64.whl", hash = "sha256:c642e2d25704ca746fd37f56feacf25c5aecc4cd40bef23d18eec81f87d9dc00", size = 571725, upload-time = "2026-03-23T12:47:21.727Z" },
    { url = "https://files.pythonhosted.org/packages/c2/3d/f779d8bba00fcde31a7d7fb6b59347a70773c9cc8135592dea9972579877/pyside6-6.11.0-cp310-abi3-manylinux_2_39_aarch64.whl", hash = "sha256:267b344c73580ac938ca63c611881fb42a3922ebfe043e271005f4f06c372c4e", size = 571722, upload-time = "2026-03-23T12:47:22.761Z" },
    { url = "https://files.pythonhosted.org/packages/ac/98/150e01a026df3e9697310236821fa825319bb4b9d6137539cb25a3032968/pyside6-6.11.0-cp310-abi3-win_amd64.whl", hash = "sha256:9092cb002ca43c64006afb2e0d0f6f51aef17aa737c33a45e502326a081ddcbc", size = 577988, upload-time = "2026-03-23T12:47:23.795Z" },
    { url = "https://files.pythonhosted.org/packages/50/e7/55960f7c6b41d058e95cb4af02652c46c48702c506c8bbf12e99550e1fb3/pyside6-6.11.0-cp310-abi3-win_arm64.whl", hash = "sha256:b15f39acc2b8f46251a630acad0d97f9a0a0461f2baffcd66d7adfada8eb641e", size = 561372, upload-time = "2026-03-23T12:47:25.073Z" },
]

[[package]]
name = "pyside6-addons"
version = "6.11.0"
source = { registry = "https://pypi.org/simple" }
dependencies = [
    { name = "pyside6-essentials" },
    { name = "shiboken6" },
]
wheels = [
    { url = "https://files.pythonhosted.org/packages/c0/df/241f311c61a46b7b1195927da77b2537692ee3442aa9ccd87981164ff78d/pyside6_addons-6.11.0-cp310-abi3-macosx_13_0_universal2.whl", hash = "sha256:d5eaa4643302e3a0fa94c5766234bee4073d7d5ab9c2b7fd222692a176faf182", size = 331554157, upload-time = "2026-03-23T12:40:40.497Z" },
    { url = "https://files.pythonhosted.org/packages/31/b9/e81172835ccc9d8b9792cc6bf7524a252a0db9a76ddd693de230402697f9/pyside6_addons-6.11.0-cp310-abi3-manylinux_2_34_x86_64.whl", hash = "sha256:ac6fe3d4ef4497dde3efc5e896b0acd53ff6c93be4bf485f045690f919419f35", size = 174948482, upload-time = "2026-03-23T12:41:05.379Z" },
    { url = "https://files.pythonhosted.org/packages/a8/a4/426d9333782bf65ab2a20257d6b4b3af9b8d5d7a710da719865fab49d492/pyside6_addons-6.11.0-cp310-abi3-manylinux_2_39_aarch64.whl", hash = "sha256:8ffb40222456078930816ebcac2f2511716d2acbc11716dd5acc5c365179a753", size = 170430798, upload-time = "2026-03-23T12:41:38.134Z" },
    { url = "https://files.pythonhosted.org/packages/35/9a/46d271fedfabad8c6dce2ebb69bb593745487ed33753a56a47c3ba4fdb1c/pyside6_addons-6.11.0-cp310-abi3-win_amd64.whl", hash = "sha256:413e6121c24f5ffdce376298059eddecff74aa6d638e94e0f6015b33d29b889e", size = 168723088, upload-time = "2026-03-23T12:42:00.668Z" },
    { url = "https://files.pythonhosted.org/packages/16/cd/1b28264f7dc9a642da2e4e7c02f67418d0949eb7ce329ae20869703c2630/pyside6_addons-6.11.0-cp310-abi3-win_arm64.whl", hash = "sha256:aaaee83385977a0fe134b2f4fbfb92b45a880d5b656e4d90a708eef10b1b6de8", size = 35698324, upload-time = "2026-03-23T12:42:13.748Z" },
]

[[package]]
name = "pyside6-essentials"
version = "6.11.0"
source = { registry = "https://pypi.org/simple" }
dependencies = [
    { name = "shiboken6" },
]
wheels = [
    { url = "https://files.pythonhosted.org/packages/d2/00/8a8583d3429c737cc20e61a43eba8ab1ec13ddb101e99802c2ffeedf3b41/pyside6_essentials-6.11.0-cp310-abi3-macosx_13_0_universal2.whl", hash = "sha256:85d6ca87ef35fa6565d385ede72ae48420dd3f63113929d10fc800f6b0360e01", size = 108085251, upload-time = "2026-03-23T12:42:52.872Z" },
    { url = "https://files.pythonhosted.org/packages/f3/a9/07c9e5c014b871c1b19caf8f994bcd50b345559b81f81671217b49559b67/pyside6_essentials-6.11.0-cp310-abi3-manylinux_2_34_x86_64.whl", hash = "sha256:dc20e7afd5fc6fe51297db91cef997ce60844be578f7a49fc61b7ab9657a8849", size = 78316055, upload-time = "2026-03-23T12:43:04.19Z" },
    { url = "https://files.pythonhosted.org/packages/7c/35/f06b1b641d7600ec46374c16cd37c66fa4a22870326b4eb073a95471035f/pyside6_essentials-6.11.0-cp310-abi3-manylinux_2_39_aarch64.whl", hash = "sha256:4854cb0a1b061e7a576d8fb7bb7cf9f49540d558b1acb7df0742a7afefe61e4e", size = 77380821, upload-time = "2026-03-23T12:43:24.649Z" },
    { url = "https://files.pythonhosted.org/packages/ff/37/ba95c6262836d2b286b4e05a9d16a5e870995d5d2503ac6adc6312208049/pyside6_essentials-6.11.0-cp310-abi3-win_amd64.whl", hash = "sha256:3b3362882ad9389357a80504e600180006a957731fec05786fced7b038461fdf", size = 75793322, upload-time = "2026-03-23T12:43:35.575Z" },
    { url = "https://files.pythonhosted.org/packages/53/27/d17f25e45820e633a70e6109b35991eda09a5e8000c2a306f0ab7538d48c/pyside6_essentials-6.11.0-cp310-abi3-win_arm64.whl", hash = "sha256:81ca603dbf21bc39f89bb42db215c25ebe0c879a1a4c387625c321d2730ec187", size = 56337457, upload-time = "2026-03-23T12:43:43.573Z" },
]

[[package]]
name = "pyyaml"
version = "6.0.3"
source = { registry = "https://pypi.org/simple" }
sdist = { url = "https://files.pythonhosted.org/packages/05/8e/961c0007c59b8dd7729d542c61a4d537767a59645b82a0b521206e1e25c2/pyyaml-6.0.3.tar.gz", hash = "sha256:d76623373421df22fb4cf8817020cbb7ef15c725b9d5e45f17e189bfc384190f", size = 130960, upload-time = "2025-09-25T21:33:16.546Z" }
wheels = [
    { url = "https://files.pythonhosted.org/packages/9d/8c/f4bd7f6465179953d3ac9bc44ac1a8a3e6122cf8ada906b4f96c60172d43/pyyaml-6.0.3-cp314-cp314-macosx_10_13_x86_64.whl", hash = "sha256:8d1fab6bb153a416f9aeb4b8763bc0f22a5586065f86f7664fc23339fc1c1fac", size = 181814, upload-time = "2025-09-25T21:32:35.712Z" },
    { url = "https://files.pythonhosted.org/packages/bd/9c/4d95bb87eb2063d20db7b60faa3840c1b18025517ae857371c4dd55a6b3a/pyyaml-6.0.3-cp314-cp314-macosx_11_0_arm64.whl", hash = "sha256:34d5fcd24b8445fadc33f9cf348c1047101756fd760b4dacb5c3e99755703310", size = 173809, upload-time = "2025-09-25T21:32:36.789Z" },
    { url = "https://files.pythonhosted.org/packages/92/b5/47e807c2623074914e29dabd16cbbdd4bf5e9b2db9f8090fa64411fc5382/pyyaml-6.0.3-cp314-cp314-manylinux2014_aarch64.manylinux_2_17_aarch64.manylinux_2_28_aarch64.whl", hash = "sha256:501a031947e3a9025ed4405a168e6ef5ae3126c59f90ce0cd6f2bfc477be31b7", size = 766454, upload-time = "2025-09-25T21:32:37.966Z" },
    { url = "https://files.pythonhosted.org/packages/02/9e/e5e9b168be58564121efb3de6859c452fccde0ab093d8438905899a3a483/pyyaml-6.0.3-cp314-cp314-manylinux2014_s390x.manylinux_2_17_s390x.manylinux_2_28_s390x.whl", hash = "sha256:b3bc83488de33889877a0f2543ade9f70c67d66d9ebb4ac959502e12de895788", size = 836355, upload-time = "2025-09-25T21:32:39.178Z" },
    { url = "https://files.pythonhosted.org/packages/88/f9/16491d7ed2a919954993e48aa941b200f38040928474c9e85ea9e64222c3/pyyaml-6.0.3-cp314-cp314-manylinux2014_x86_64.manylinux_2_17_x86_64.manylinux_2_28_x86_64.whl", hash = "sha256:c458b6d084f9b935061bc36216e8a69a7e293a2f1e68bf956dcd9e6cbcd143f5", size = 794175, upload-time = "2025-09-25T21:32:40.865Z" },
    { url = "https://files.pythonhosted.org/packages/dd/3f/5989debef34dc6397317802b527dbbafb2b4760878a53d4166579111411e/pyyaml-6.0.3-cp314-cp314-musllinux_1_2_aarch64.whl", hash = "sha256:7c6610def4f163542a622a73fb39f534f8c101d690126992300bf3207eab9764", size = 755228, upload-time = "2025-09-25T21:32:42.084Z" },
    { url = "https://files.pythonhosted.org/packages/d7/ce/af88a49043cd2e265be63d083fc75b27b6ed062f5f9fd6cdc223ad62f03e/pyyaml-6.0.3-cp314-cp314-musllinux_1_2_x86_64.whl", hash = "sha256:5190d403f121660ce8d1d2c1bb2ef1bd05b5f68533fc5c2ea899bd15f4399b35", size = 789194, upload-time = "2025-09-25T21:32:43.362Z" },
    { url = "https://files.pythonhosted.org/packages/23/20/bb6982b26a40bb43951265ba29d4c246ef0ff59c9fdcdf0ed04e0687de4d/pyyaml-6.0.3-cp314-cp314-win_amd64.whl", hash = "sha256:4a2e8cebe2ff6ab7d1050ecd59c25d4c8bd7e6f400f5f82b96557ac0abafd0ac", size = 156429, upload-time = "2025-09-25T21:32:57.844Z" },
    { url = "https://files.pythonhosted.org/packages/f4/f4/a4541072bb9422c8a883ab55255f918fa378ecf083f5b85e87fc2b4eda1b/pyyaml-6.0.3-cp314-cp314-win_arm64.whl", hash = "sha256:93dda82c9c22deb0a405ea4dc5f2d0cda384168e466364dec6255b293923b2f3", size = 143912, upload-time = "2025-09-25T21:32:59.247Z" },
    { url = "https://files.pythonhosted.org/packages/7c/f9/07dd09ae774e4616edf6cda684ee78f97777bdd15847253637a6f052a62f/pyyaml-6.0.3-cp314-cp314t-macosx_10_13_x86_64.whl", hash = "sha256:02893d100e99e03eda1c8fd5c441d8c60103fd175728e23e431db1b589cf5ab3", size = 189108, upload-time = "2025-09-25T21:32:44.377Z" },
    { url = "https://files.pythonhosted.org/packages/4e/78/8d08c9fb7ce09ad8c38ad533c1191cf27f7ae1effe5bb9400a46d9437fcf/pyyaml-6.0.3-cp314-cp314t-macosx_11_0_arm64.whl", hash = "sha256:c1ff362665ae507275af2853520967820d9124984e0f7466736aea23d8611fba", size = 183641, upload-time = "2025-09-25T21:32:45.407Z" },
    { url = "https://files.pythonhosted.org/packages/7b/5b/3babb19104a46945cf816d047db2788bcaf8c94527a805610b0289a01c6b/pyyaml-6.0.3-cp314-cp314t-manylinux2014_aarch64.manylinux_2_17_aarch64.manylinux_2_28_aarch64.whl", hash = "sha256:6adc77889b628398debc7b65c073bcb99c4a0237b248cacaf3fe8a557563ef6c", size = 831901, upload-time = "2025-09-25T21:32:48.83Z" },
    { url = "https://files.pythonhosted.org/packages/8b/cc/dff0684d8dc44da4d22a13f35f073d558c268780ce3c6ba1b87055bb0b87/pyyaml-6.0.3-cp314-cp314t-manylinux2014_s390x.manylinux_2_17_s390x.manylinux_2_28_s390x.whl", hash = "sha256:a80cb027f6b349846a3bf6d73b5e95e782175e52f22108cfa17876aaeff93702", size = 861132, upload-time = "2025-09-25T21:32:50.149Z" },
    { url = "https://files.pythonhosted.org/packages/b1/5e/f77dc6b9036943e285ba76b49e118d9ea929885becb0a29ba8a7c75e29fe/pyyaml-6.0.3-cp314-cp314t-manylinux2014_x86_64.manylinux_2_17_x86_64.manylinux_2_28_x86_64.whl", hash = "sha256:00c4bdeba853cc34e7dd471f16b4114f4162dc03e6b7afcc2128711f0eca823c", size = 839261, upload-time = "2025-09-25T21:32:51.808Z" },
    { url = "https://files.pythonhosted.org/packages/ce/88/a9db1376aa2a228197c58b37302f284b5617f56a5d959fd1763fb1675ce6/pyyaml-6.0.3-cp314-cp314t-musllinux_1_2_aarch64.whl", hash = "sha256:66e1674c3ef6f541c35191caae2d429b967b99e02040f5ba928632d9a7f0f065", size = 805272, upload-time = "2025-09-25T21:32:52.941Z" },
    { url = "https://files.pythonhosted.org/packages/da/92/1446574745d74df0c92e6aa4a7b0b3130706a4142b2d1a5869f2eaa423c6/pyyaml-6.0.3-cp314-cp314t-musllinux_1_2_x86_64.whl", hash = "sha256:16249ee61e95f858e83976573de0f5b2893b3677ba71c9dd36b9cf8be9ac6d65", size = 829923, upload-time = "2025-09-25T21:32:54.537Z" },
    { url = "https://files.pythonhosted.org/packages/f0/7a/1c7270340330e575b92f397352af856a8c06f230aa3e76f86b39d01b416a/pyyaml-6.0.3-cp314-cp314t-win_amd64.whl", hash = "sha256:4ad1906908f2f5ae4e5a8ddfce73c320c2a1429ec52eafd27138b7f1cbe341c9", size = 174062, upload-time = "2025-09-25T21:32:55.767Z" },
    { url = "https://files.pythonhosted.org/packages/f1/12/de94a39c2ef588c7e6455cfbe7343d3b2dc9d6b6b2f40c4c6565744c873d/pyyaml-6.0.3-cp314-cp314t-win_arm64.whl", hash = "sha256:ebc55a14a21cb14062aa4162f906cd962b28e2e9ea38f9b4391244cd8de4ae0b", size = 149341, upload-time = "2025-09-25T21:32:56.828Z" },
]

[[package]]
name = "rich"
version = "14.3.2"
source = { registry = "https://pypi.org/simple" }
dependencies = [
    { name = "markdown-it-py" },
    { name = "pygments" },
]
sdist = { url = "https://files.pythonhosted.org/packages/74/99/a4cab2acbb884f80e558b0771e97e21e939c5dfb460f488d19df485e8298/rich-14.3.2.tar.gz", hash = "sha256:e712f11c1a562a11843306f5ed999475f09ac31ffb64281f73ab29ffdda8b3b8", size = 230143, upload-time = "2026-02-01T16:20:47.908Z" }
wheels = [
    { url = "https://files.pythonhosted.org/packages/ef/45/615f5babd880b4bd7d405cc0dc348234c5ffb6ed1ea33e152ede08b2072d/rich-14.3.2-py3-none-any.whl", hash = "sha256:08e67c3e90884651da3239ea668222d19bea7b589149d8014a21c633420dbb69", size = 309963, upload-time = "2026-02-01T16:20:46.078Z" },
]

[[package]]
name = "ruff"
version = "0.15.1"
source = { registry = "https://pypi.org/simple" }
sdist = { url = "https://files.pythonhosted.org/packages/04/dc/4e6ac71b511b141cf626357a3946679abeba4cf67bc7cc5a17920f31e10d/ruff-0.15.1.tar.gz", hash = "sha256:c590fe13fb57c97141ae975c03a1aedb3d3156030cabd740d6ff0b0d601e203f", size = 4540855, upload-time = "2026-02-12T23:09:09.998Z" }
wheels = [
    { url = "https://files.pythonhosted.org/packages/23/bf/e6e4324238c17f9d9120a9d60aa99a7daaa21204c07fcd84e2ef03bb5fd1/ruff-0.15.1-py3-none-linux_armv6l.whl", hash = "sha256:b101ed7cf4615bda6ffe65bdb59f964e9f4a0d3f85cbf0e54f0ab76d7b90228a", size = 10367819, upload-time = "2026-02-12T23:09:03.598Z" },
    { url = "https://files.pythonhosted.org/packages/b3/ea/c8f89d32e7912269d38c58f3649e453ac32c528f93bb7f4219258be2e7ed/ruff-0.15.1-py3-none-macosx_10_12_x86_64.whl", hash = "sha256:939c995e9277e63ea632cc8d3fae17aa758526f49a9a850d2e7e758bfef46602", size = 10798618, upload-time = "2026-02-12T23:09:22.928Z" },
    { url = "https://files.pythonhosted.org/packages/5e/0f/1d0d88bc862624247d82c20c10d4c0f6bb2f346559d8af281674cf327f15/ruff-0.15.1-py3-none-macosx_11_0_arm64.whl", hash = "sha256:1d83466455fdefe60b8d9c8df81d3c1bbb2115cede53549d3b522ce2bc703899", size = 10148518, upload-time = "2026-02-12T23:08:58.339Z" },
    { url = "https://files.pythonhosted.org/packages/f5/c8/291c49cefaa4a9248e986256df2ade7add79388fe179e0691be06fae6f37/ruff-0.15.1-py3-none-manylinux_2_17_aarch64.manylinux2014_aarch64.whl", hash = "sha256:a9457e3c3291024866222b96108ab2d8265b477e5b1534c7ddb1810904858d16", size = 10518811, upload-time = "2026-02-12T23:09:31.865Z" },
    { url = "https://files.pythonhosted.org/packages/c3/1a/f5707440e5ae43ffa5365cac8bbb91e9665f4a883f560893829cf16a606b/ruff-0.15.1-py3-none-manylinux_2_17_armv7l.manylinux2014_armv7l.whl", hash = "sha256:92c92b003e9d4f7fbd33b1867bb15a1b785b1735069108dfc23821ba045b29bc", size = 10196169, upload-time = "2026-02-12T23:09:17.306Z" },
    { url = "https://files.pythonhosted.org/packages/2a/ff/26ddc8c4da04c8fd3ee65a89c9fb99eaa5c30394269d424461467be2271f/ruff-0.15.1-py3-none-manylinux_2_17_i686.manylinux2014_i686.whl", hash = "sha256:1fe5c41ab43e3a06778844c586251eb5a510f67125427625f9eb2b9526535779", size = 10990491, upload-time = "2026-02-12T23:09:25.503Z" },
    { url = "https://files.pythonhosted.org/packages/fc/00/50920cb385b89413f7cdb4bb9bc8fc59c1b0f30028d8bccc294189a54955/ruff-0.15.1-py3-none-manylinux_2_17_ppc64le.manylinux2014_ppc64le.whl", hash = "sha256:66a6dd6df4d80dc382c6484f8ce1bcceb55c32e9f27a8b94c32f6c7331bf14fb", size = 11843280, upload-time = "2026-02-12T23:09:19.88Z" },
    { url = "https://files.pythonhosted.org/packages/5d/6d/2f5cad8380caf5632a15460c323ae326f1e1a2b5b90a6ee7519017a017ca/ruff-0.15.1-py3-none-manylinux_2_17_s390x.manylinux2014_s390x.whl", hash = "sha256:6a4a42cbb8af0bda9bcd7606b064d7c0bc311a88d141d02f78920be6acb5aa83", size = 11274336, upload-time = "2026-02-12T23:09:14.907Z" },
    { url = "https://files.pythonhosted.org/packages/a3/1d/5f56cae1d6c40b8a318513599b35ea4b075d7dc1cd1d04449578c29d1d75/ruff-0.15.1-py3-none-manylinux_2_17_x86_64.manylinux2014_x86_64.whl", hash = "sha256:4ab064052c31dddada35079901592dfba2e05f5b1e43af3954aafcbc1096a5b2", size = 11137288, upload-time = "2026-02-12T23:09:07.475Z" },
    { url = "https://files.pythonhosted.org/packages/cd/20/6f8d7d8f768c93b0382b33b9306b3b999918816da46537d5a61635514635/ruff-0.15.1-py3-none-manylinux_2_31_riscv64.whl", hash = "sha256:5631c940fe9fe91f817a4c2ea4e81f47bee3ca4aa646134a24374f3c19ad9454", size = 11070681, upload-time = "2026-02-12T23:08:55.43Z" },
    { url = "https://files.pythonhosted.org/packages/9a/67/d640ac76069f64cdea59dba02af2e00b1fa30e2103c7f8d049c0cff4cafd/ruff-0.15.1-py3-none-musllinux_1_2_aarch64.whl", hash = "sha256:68138a4ba184b4691ccdc39f7795c66b3c68160c586519e7e8444cf5a53e1b4c", size = 10486401, upload-time = "2026-02-12T23:09:27.927Z" },
    { url = "https://files.pythonhosted.org/packages/65/3d/e1429f64a3ff89297497916b88c32a5cc88eeca7e9c787072d0e7f1d3e1e/ruff-0.15.1-py3-none-musllinux_1_2_armv7l.whl", hash = "sha256:518f9af03bfc33c03bdb4cb63fabc935341bb7f54af500f92ac309ecfbba6330", size = 10197452, upload-time = "2026-02-12T23:09:12.147Z" },
    { url = "https://files.pythonhosted.org/packages/78/83/e2c3bade17dad63bf1e1c2ffaf11490603b760be149e1419b07049b36ef2/ruff-0.15.1-py3-none-musllinux_1_2_i686.whl", hash = "sha256:da79f4d6a826caaea95de0237a67e33b81e6ec2e25fc7e1993a4015dffca7c61", size = 10693900, upload-time = "2026-02-12T23:09:34.418Z" },
    { url = "https://files.pythonhosted.org/packages/a1/27/fdc0e11a813e6338e0706e8b39bb7a1d61ea5b36873b351acee7e524a72a/ruff-0.15.1-py3-none-musllinux_1_2_x86_64.whl", hash = "sha256:3dd86dccb83cd7d4dcfac303ffc277e6048600dfc22e38158afa208e8bf94a1f", size = 11227302, upload-time = "2026-02-12T23:09:36.536Z" },
    { url = "https://files.pythonhosted.org/packages/f6/58/ac864a75067dcbd3b95be5ab4eb2b601d7fbc3d3d736a27e391a4f92a5c1/ruff-0.15.1-py3-none-win32.whl", hash = "sha256:660975d9cb49b5d5278b12b03bb9951d554543a90b74ed5d366b20e2c57c2098", size = 10462555, upload-time = "2026-02-12T23:09:29.899Z" },
    { url = "https://files.pythonhosted.org/packages/e0/5e/d4ccc8a27ecdb78116feac4935dfc39d1304536f4296168f91ed3ec00cd2/ruff-0.15.1-py3-none-win_amd64.whl", hash = "sha256:c820fef9dd5d4172a6570e5721704a96c6679b80cf7be41659ed439653f62336", size = 11599956, upload-time = "2026-02-12T23:09:01.157Z" },
    { url = "https://files.pythonhosted.org/packages/2a/07/5bda6a85b220c64c65686bc85bd0bbb23b29c62b3a9f9433fa55f17cda93/ruff-0.15.1-py3-none-win_arm64.whl", hash = "sha256:5ff7d5f0f88567850f45081fac8f4ec212be8d0b963e385c3f7d0d2eb4899416", size = 10874604, upload-time = "2026-02-12T23:09:05.515Z" },
]

[[package]]
name = "shiboken6"
version = "6.11.0"
source = { registry = "https://pypi.org/simple" }
wheels = [
    { url = "https://files.pythonhosted.org/packages/82/1d/b56b7b694fbc871496435488d1f41c5068de546334850d722756511cef65/shiboken6-6.11.0-cp310-abi3-macosx_13_0_universal2.whl", hash = "sha256:d88e8a1eb705f2b9ad21db08a61ae1dc0c773e5cd86a069de0754c4cf1f9b43b", size = 476085, upload-time = "2026-03-23T12:47:05.724Z" },
    { url = "https://files.pythonhosted.org/packages/65/cb/4bb0c76011166230daa7c0074aeb3fdb3935c83ac1fef3789b85fcd1a8fc/shiboken6-6.11.0-cp310-abi3-manylinux_2_34_x86_64.whl", hash = "sha256:ad54e64f8192ddbdff0c54ac82b89edcd62ed623f502ea21c960541d19514053", size = 271055, upload-time = "2026-03-23T12:47:07.349Z" },
    { url = "https://files.pythonhosted.org/packages/f5/96/771a6e2b530f725303d16d78a321fa4876b98b4f3615c9851880df8c1a43/shiboken6-6.11.0-cp310-abi3-manylinux_2_39_aarch64.whl", hash = "sha256:a10dc7718104ea2dc15d5b0b96909b77162ce1c76fcc6968e6df692b947a00e9", size = 267456, upload-time = "2026-03-23T12:47:08.689Z" },
    { url = "https://files.pythonhosted.org/packages/72/f7/44c0c42c3f5f29dec457fd46ea0552174bcb8aa75becf03bbd90308ba07b/shiboken6-6.11.0-cp310-abi3-win_amd64.whl", hash = "sha256:483ff78a73c7b3189ca924abc694318084f078bcfeaffa68e32024ff2d025ee1", size = 1222132, upload-time = "2026-03-23T12:47:10.143Z" },
    { url = "https://files.pythonhosted.org/packages/fb/99/6e5ee21db2d6af84bbbd7d871d441dafeb069c6de5667b1aa49891a77c66/shiboken6-6.11.0-cp310-abi3-win_arm64.whl", hash = "sha256:3bd76cf56105ab2d62ecaff630366f11264f69b88d488f10f048da9a065781f4", size = 1783186, upload-time = "2026-03-23T12:47:11.832Z" },
]

[[package]]
name = "ty"
version = "0.0.29"
source = { registry = "https://pypi.org/simple" }
sdist = { url = "https://files.pythonhosted.org/packages/47/d5/853561de49fae38c519e905b2d8da9c531219608f1fccc47a0fc2c896980/ty-0.0.29.tar.gz", hash = "sha256:e7936cca2f691eeda631876c92809688dbbab68687c3473f526cd83b6a9228d8", size = 5469221, upload-time = "2026-04-05T15:01:21.328Z" }
wheels = [
    { url = "https://files.pythonhosted.org/packages/03/b7/911f9962115acfa24e3b2ec9d4992dd994c38e8769e1b1d7680bb4d28a51/ty-0.0.29-py3-none-linux_armv6l.whl", hash = "sha256:b8a40955f7660d3eaceb0d964affc81b790c0765e7052921a5f861ff8a471c30", size = 10568206, upload-time = "2026-04-05T15:01:19.165Z" },
    { url = "https://files.pythonhosted.org/packages/fe/c3/fcae2167d4c77a97269f92f11d1b43b03617f81de1283d5d05b43432110c/ty-0.0.29-py3-none-macosx_10_12_x86_64.whl", hash = "sha256:6b6849adae15b00bbe2d3c5b078967dcb62eba37d38936b8eeb4c81a82d2e3b8", size = 10442530, upload-time = "2026-04-05T15:01:28.471Z" },
    { url = "https://files.pythonhosted.org/packages/97/33/5a6bfa240cfcb9c36046ae2459fa9ea23238d20130d8656ff5ac4d6c012a/ty-0.0.29-py3-none-macosx_11_0_arm64.whl", hash = "sha256:dcdd9b17209788152f7b7ea815eda07989152325052fe690013537cc7904ce49", size = 9915735, upload-time = "2026-04-05T15:01:10.365Z" },
    { url = "https://files.pythonhosted.org/packages/b3/1e/318f45fae232118e81a6306c30f50de42c509c412128d5bd231eab699ffb/ty-0.0.29-py3-none-manylinux_2_17_aarch64.manylinux2014_aarch64.whl", hash = "sha256:9d8ed4789bae78ffaf94462c0d25589a734cab0366b86f2bbcb1bb90e1a7a169", size = 10419748, upload-time = "2026-04-05T15:01:32.375Z" },
    { url = "https://files.pythonhosted.org/packages/a9/a8/5687872e2ab5a0f7dd4fd8456eac31e9381ad4dc74961f6f29965ad4dd91/ty-0.0.29-py3-none-manylinux_2_17_armv7l.manylinux2014_armv7l.whl", hash = "sha256:91ec374b8565e0ad0900011c24641ebbef2da51adbd4fb69ff3280c8a7eceb02", size = 10394738, upload-time = "2026-04-05T15:01:06.473Z" },
    { url = "https://files.pythonhosted.org/packages/de/68/015d118097eeb95e6a44c4abce4c0a28b7b9dfb3085b7f0ee48e4f099633/ty-0.0.29-py3-none-manylinux_2_17_i686.manylinux2014_i686.whl", hash = "sha256:298a8d5faa2502d3810bbbb47a030b9455495b9921594206043c785dd61548cf", size = 10910613, upload-time = "2026-04-05T15:01:17.17Z" },
    { url = "https://files.pythonhosted.org/packages/1c/01/47ce3c6c53e0670eadbe80756b167bf80ed6681d1ba57cfde2e8065a13d1/ty-0.0.29-py3-none-manylinux_2_17_ppc64le.manylinux2014_ppc64le.whl", hash = "sha256:3c8fba1a3524c6109d1e020d92301c79d41bf442fa8d335b9fa366239339cb70", size = 11475750, upload-time = "2026-04-05T15:01:30.461Z" },
    { url = "https://files.pythonhosted.org/packages/c4/cf/e361845b1081c9264ad5b7c963231bab03f2666865a9f2a115c4233f2137/ty-0.0.29-py3-none-manylinux_2_17_s390x.manylinux2014_s390x.whl", hash = "sha256:4c48adf88a70d264128c39ee922ed14a947817fced1e93c08c1a89c9244edcde", size = 11190055, upload-time = "2026-04-05T15:01:12.369Z" },
    { url = "https://files.pythonhosted.org/packages/79/12/0fb0857e9a62cb11586e9a712103877bbf717f5fb570d16634408cfdefee/ty-0.0.29-py3-none-manylinux_2_17_x86_64.manylinux2014_x86_64.whl", hash = "sha256:2ce0a7a0e96bc7b42518cd3a1a6a6298ef64ff40ca4614355c1aa807059b5c6f", size = 11020539, upload-time = "2026-04-05T15:01:37.022Z" },
    { url = "https://files.pythonhosted.org/packages/20/36/5a26753802083f80cd125db6c4348ad42b3c982ec36e718e0bf4c18f75e5/ty-0.0.29-py3-none-musllinux_1_2_aarch64.whl", hash = "sha256:a6ac86a05b4a3731d45365ab97780acc7b8146fa62fccb3cbe94fe6546c67a97", size = 10396399, upload-time = "2026-04-05T15:01:26.167Z" },
    { url = "https://files.pythonhosted.org/packages/00/e6/b4e75b5752239ab3ab400f19faef4dbef81d05aab5d3419fda0c062a3765/ty-0.0.29-py3-none-musllinux_1_2_armv7l.whl", hash = "sha256:6bbbf53141af0f3150bf288d716263f1a3550054e4b3551ca866d38192ba9891", size = 10421461, upload-time = "2026-04-05T15:01:08.367Z" },
    { url = "https://files.pythonhosted.org/packages/c0/21/1084b5b609f9abed62070ec0b31c283a403832a6310c8bbc208bd45ee1e6/ty-0.0.29-py3-none-musllinux_1_2_i686.whl", hash = "sha256:1c9e06b770c1d0ff5efc51e34312390db31d53fcf3088163f413030b42b74f84", size = 10599187, upload-time = "2026-04-05T15:01:23.52Z" },
    { url = "https://files.pythonhosted.org/packages/ab/a1/ce19a2ca717bbcc1ee11378aba52ef70b6ce5b87245162a729d9fdc2360f/ty-0.0.29-py3-none-musllinux_1_2_x86_64.whl", hash = "sha256:0307fe37e3f000ef1a4ae230bbaf511508a78d24a5e51b40902a21b09d5e6037", size = 11121198, upload-time = "2026-04-05T15:01:15.22Z" },
    { url = "https://files.pythonhosted.org/packages/6b/6b/f1430b279af704321566ce7ec2725d3d8258c2f815ebd93e474c64cd4543/ty-0.0.29-py3-none-win32.whl", hash = "sha256:7a2a898217960a825f8bc0087e1fdbaf379606175e98f9807187221d53a4a8ed", size = 9995331, upload-time = "2026-04-05T15:01:01.32Z" },
    { url = "https://files.pythonhosted.org/packages/d2/ef/3ef01c17785ff9a69378465c7d0faccd48a07b163554db0995e5d65a5a23/ty-0.0.29-py3-none-win_amd64.whl", hash = "sha256:fc1294200226b91615acbf34e0a9ad81caf98c081e9c6a912a31b0a7b603bc3f", size = 11023644, upload-time = "2026-04-05T15:01:04.432Z" },
    { url = "https://files.pythonhosted.org/packages/2c/55/87280a994d6a2d2647c65e12abbc997ed49835794366153c04c4d9304d76/ty-0.0.29-py3-none-win_arm64.whl", hash = "sha256:f9794bbd1bb3ce13f78c191d0c89ae4c63f52c12b6daa0c6fe220b90d019d12c", size = 10428165, upload-time = "2026-04-05T15:01:34.665Z" },
]
